
Microsoft Visual Studio Solution File, Format Version 12.00
# Visual Studio Version 16
VisualStudioVersion = 16.0.31911.196
MinimumVisualStudioVersion = 10.0.40219.1
Project("{FAE04EC0-301F-11D3-BF4B-00C04F79EFBC}") = "PopupsTutorial.Android", "PopupsTutorial\PopupsTutorial.Android\PopupsTutorial.Android.csproj", "{8AA49498-ABDD-4F6C-8705-BEC8E1BE4EB9}"
EndProject
Project("{FAE04EC0-301F-11D3-BF4B-00C04F79EFBC}") = "PopupsTutorial.iOS", "PopupsTutorial\PopupsTutorial.iOS\PopupsTutorial.iOS.csproj", "{43E72B5C-2458-4B09-92F3-911BBE9BECEA}"
EndProject
Project("{FAE04EC0-301F-11D3-BF4B-00C04F79EFBC}") = "PopupsTutorial", "PopupsTutorial\PopupsTutorial\PopupsTutorial.csproj", "{47051C99-7E1E-4B50-B972-D87567E85365}"
EndProject
Global
	GlobalSection(SolutionConfigurationPlatforms) = preSolution
		Debug|Any CPU = Debug|Any CPU
		Debug|iPhone = Debug|iPhone
		Debug|iPhoneSimulator = Debug|iPhoneSimulator
		Release|Any CPU = Release|Any CPU
		Release|iPhone = Release|iPhone
		Release|iPhoneSimulator = Release|iPhoneSimulator
	EndGlobalSection
	GlobalSection(ProjectConfigurationPlatforms) = postSolution
		{8AA49498-ABDD-4F6C-8705-BEC8E1BE4EB9}.Debug|Any CPU.ActiveCfg = Debug|Any CPU
		{8AA49498-ABDD-4F6C-8705-BEC8E1BE4EB9}.Debug|Any CPU.Build.0 = Debug|Any CPU
		{8AA49498-ABDD-4F6C-8705-BEC8E1BE4EB9}.Debug|Any CPU.Deploy.0 = Debug|Any CPU
		{8AA49498-ABDD-4F6C-8705-BEC8E1BE4EB9}.Debug|iPhone.ActiveCfg = Debug|Any CPU
		{8AA49498-ABDD-4F6C-8705-BEC8E1BE4EB9}.Debug|iPhone.Build.0 = Debug|Any CPU
		{8AA49498-ABDD-4F6C-8705-BEC8E1BE4EB9}.Debug|iPhone.Deploy.0 = Debug|Any CPU
		{8AA49498-ABDD-4F6C-8705-BEC8E1BE4EB9}.Debug|iPhoneSimulator.ActiveCfg = Debug|Any CPU
		{8AA49498-ABDD-4F6C-8705-BEC8E1BE4EB9}.Debug|iPhoneSimulator.Build.0 = Debug|Any CPU
		{8AA49498-ABDD-4F6C-8705-BEC8E1BE4EB9}.Debug|iPhoneSimulator.Deploy.0 = Debug|Any CPU
		{8AA49498-ABDD-4F6C-8705-BEC8E1BE4EB9}.Release|Any CPU.ActiveCfg = Release|Any CPU
		{8AA49498-ABDD-4F6C-8705-BEC8E1BE4EB9}.Release|Any CPU.Build.0 = Release|Any CPU
		{8AA49498-ABDD-4F6C-8705-BEC8E1BE4EB9}.Release|Any CPU.Deploy.0 = Release|Any CPU
		{8AA49498-ABDD-4F6C-8705-BEC8E1BE4EB9}.Release|iPhone.ActiveCfg = Release|Any CPU
		{8AA49498-ABDD-4F6C-8705-BEC8E1BE4EB9}.Release|iPhone.Build.0 = Release|Any CPU
		{8AA49498-ABDD-4F6C-8705-BEC8E1BE4EB9}.Release|iPhone.Deploy.0 = Release|Any CPU
		{8AA49498-ABDD-4F6C-8705-BEC8E1BE4EB9}.Release|iPhoneSimulator.ActiveCfg = Release|Any CPU
		{8AA49498-ABDD-4F6C-8705-BEC8E1BE4EB9}.Release|iPhoneSimulator.Build.0 = Release|Any CPU
		{8AA49498-ABDD-4F6C-8705-BEC8E1BE4EB9}.Release|iPhoneSimulator.Deploy.0 = Release|Any CPU
		{43E72B5C-2458-4B09-92F3-911BBE9BECEA}.Debug|Any CPU.ActiveCfg = Debug|iPhone
		{43E72B5C-2458-4B09-92F3-911BBE9BECEA}.Debug|Any CPU.Build.0 = Debug|iPhone
		{43E72B5C-2458-4B09-92F3-911BBE9BECEA}.Debug|Any CPU.Deploy.0 = Debug|iPhone
		{43E72B5C-2458-4B09-92F3-911BBE9BECEA}.Debug|iPhone.ActiveCfg = Debug|iPhone
		{43E72B5C-2458-4B09-92F3-911BBE9BECEA}.Debug|iPhone.Build.0 = Debug|iPhone
		{43E72B5C-2458-4B09-92F3-911BBE9BECEA}.Debug|iPhone.Deploy.0 = Debug|iPhone
		{43E72B5C-2458-4B09-92F3-911BBE9BECEA}.Debug|iPhoneSimulator.ActiveCfg = Debug|iPhoneSimulator
		{43E72B5C-2458-4B09-92F3-911BBE9BECEA}.Debug|iPhoneSimulator.Build.0 = Debug|iPhoneSimulator
		{43E72B5C-2458-4B09-92F3-911BBE9BECEA}.Debug|iPhoneSimulator.Deploy.0 = Debug|iPhoneSimulator
		{43E72B5C-2458-4B09-92F3-911BBE9BECEA}.Release|Any CPU.ActiveCfg = Release|iPhoneSimulator
		{43E72B5C-2458-4B09-92F3-911BBE9BECEA}.Release|Any CPU.Build.0 = Release|iPhoneSimulator
		{43E72B5C-2458-4B09-92F3-911BBE9BECEA}.Release|Any CPU.Deploy.0 = Release|iPhoneSimulator
		{43E72B5C-2458-4B09-92F3-911BBE9BECEA}.Release|iPhone.ActiveCfg = Release|iPhone
		{43E72B5C-2458-4B09-92F3-911BBE9BECEA}.Release|iPhone.Build.0 = Release|iPhone
		{43E72B5C-2458-4B09-92F3-911BBE9BECEA}.Release|iPhone.Deploy.0 = Release|iPhone
		{43E72B5C-2458-4B09-92F3-911BBE9BECEA}.Release|iPhoneSimulator.ActiveCfg = Release|iPhoneSimulator
		{43E72B5C-2458-4B09-92F3-911BBE9BECEA}.Release|iPhoneSimulator.Build.0 = Release|iPhoneSimulator
		{43E72B5C-2458-4B09-92F3-911BBE9BECEA}.Release|iPhoneSimulator.Deploy.0 = Release|iPhoneSimulator
		{47051C99-7E1E-4B50-B972-D87567E85365}.Debug|Any CPU.ActiveCfg = Debug|Any CPU
		{47051C99-7E1E-4B50-B972-D87567E85365}.Debug|Any CPU.Build.0 = Debug|Any CPU
		{47051C99-7E1E-4B50-B972-D87567E85365}.Debug|Any CPU.Deploy.0 = Debug|Any CPU
		{47051C99-7E1E-4B50-B972-D87567E85365}.Debug|iPhone.ActiveCfg = Debug|Any CPU
		{47051C99-7E1E-4B50-B972-D87567E85365}.Debug|iPhone.Build.0 = Debug|Any CPU
		{47051C99-7E1E-4B50-B972-D87567E85365}.Debug|iPhone.Deploy.0 = Debug|Any CPU
		{47051C99-7E1E-4B50-B972-D87567E85365}.Debug|iPhoneSimulator.ActiveCfg = Debug|Any CPU
		{47051C99-7E1E-4B50-B972-D87567E85365}.Debug|iPhoneSimulator.Build.0 = Debug|Any CPU
		{47051C99-7E1E-4B50-B972-D87567E85365}.Debug|iPhoneSimulator.Deploy.0 = Debug|Any CPU
		{47051C99-7E1E-4B50-B972-D87567E85365}.Release|Any CPU.ActiveCfg = Release|Any CPU
		{47051C99-7E1E-4B50-B972-D87567E85365}.Release|Any CPU.Build.0 = Release|Any CPU
		{47051C99-7E1E-4B50-B972-D87567E85365}.Release|Any CPU.Deploy.0 = Release|Any CPU
		{47051C99-7E1E-4B50-B972-D87567E85365}.Release|iPhone.ActiveCfg = Release|Any CPU
		{47051C99-7E1E-4B50-B972-D87567E85365}.Release|iPhone.Build.0 = Release|Any CPU
		{47051C99-7E1E-4B50-B972-D87567E85365}.Release|iPhone.Deploy.0 = Release|Any CPU
		{47051C99-7E1E-4B50-B972-D87567E85365}.Release|iPhoneSimulator.ActiveCfg = Release|Any CPU
		{47051C99-7E1E-4B50-B972-D87567E85365}.Release|iPhoneSimulator.Build.0 = Release|Any CPU
		{47051C99-7E1E-4B50-B972-D87567E85365}.Release|iPhoneSimulator.Deploy.0 = Release|Any CPU
	EndGlobalSection
	GlobalSection(SolutionProperties) = preSolution
		HideSolutionNode = FALSE
	EndGlobalSection
	GlobalSection(ExtensibilityGlobals) = postSolution
		SolutionGuid = {795D8C6C-116F-4628-8338-7918790FE3F3}
	EndGlobalSection
EndGlobal
